
Microsoft Visual Studio Solution File, Format Version 12.00
# Visual Studio Version 17
VisualStudioVersion = 17.8.34408.163
MinimumVisualStudioVersion = 10.0.40219.1
Project("{9A19103F-16F7-4668-BE54-9A1E7A4F7556}") = "TodoCleanArchitecture.API", "TodoCleanArchitecture.API\TodoCleanArchitecture.API.csproj", "{6BD47651-1004-4C44-B347-F0300B66276E}"
EndProject
Project("{9A19103F-16F7-4668-BE54-9A1E7A4F7556}") = "TodoCleanArchitecture.Domain", "TodoCleanArchitecture.Domain\TodoCleanArchitecture.Domain.csproj", "{399FC4B6-F38A-4759-B2CE-FF2A0217051A}"
EndProject
Project("{FAE04EC0-301F-11D3-BF4B-00C04F79EFBC}") = "TodoCleanArchitecture.Infrastructure", "TodoCleanArchitecture.Infrastructure\TodoCleanArchitecture.Infrastructure.csproj", "{A1FCD094-3ACE-4AB5-A5B1-79C6AB664C3F}"
EndProject
Project("{FAE04EC0-301F-11D3-BF4B-00C04F79EFBC}") = "TodoCleanArchitecture.Application", "TodoCleanArchitecture.Application\TodoCleanArchitecture.Application.csproj", "{DB115A78-32EF-4213-9296-889BDBE61C67}"
EndProject
Global
	GlobalSection(SolutionConfigurationPlatforms) = preSolution
		Debug|Any CPU = Debug|Any CPU
		Release|Any CPU = Release|Any CPU
	EndGlobalSection
	GlobalSection(ProjectConfigurationPlatforms) = postSolution
		{6BD47651-1004-4C44-B347-F0300B66276E}.Debug|Any CPU.ActiveCfg = Debug|Any CPU
		{6BD47651-1004-4C44-B347-F0300B66276E}.Debug|Any CPU.Build.0 = Debug|Any CPU
		{6BD47651-1004-4C44-B347-F0300B66276E}.Release|Any CPU.ActiveCfg = Release|Any CPU
		{6BD47651-1004-4C44-B347-F0300B66276E}.Release|Any CPU.Build.0 = Release|Any CPU
		{399FC4B6-F38A-4759-B2CE-FF2A0217051A}.Debug|Any CPU.ActiveCfg = Debug|Any CPU
		{399FC4B6-F38A-4759-B2CE-FF2A0217051A}.Debug|Any CPU.Build.0 = Debug|Any CPU
		{399FC4B6-F38A-4759-B2CE-FF2A0217051A}.Release|Any CPU.ActiveCfg = Release|Any CPU
		{399FC4B6-F38A-4759-B2CE-FF2A0217051A}.Release|Any CPU.Build.0 = Release|Any CPU
		{A1FCD094-3ACE-4AB5-A5B1-79C6AB664C3F}.Debug|Any CPU.ActiveCfg = Debug|Any CPU
		{A1FCD094-3ACE-4AB5-A5B1-79C6AB664C3F}.Debug|Any CPU.Build.0 = Debug|Any CPU
		{A1FCD094-3ACE-4AB5-A5B1-79C6AB664C3F}.Release|Any CPU.ActiveCfg = Release|Any CPU
		{A1FCD094-3ACE-4AB5-A5B1-79C6AB664C3F}.Release|Any CPU.Build.0 = Release|Any CPU
		{DB115A78-32EF-4213-9296-889BDBE61C67}.Debug|Any CPU.ActiveCfg = Debug|Any CPU
		{DB115A78-32EF-4213-9296-889BDBE61C67}.Debug|Any CPU.Build.0 = Debug|Any CPU
		{DB115A78-32EF-4213-9296-889BDBE61C67}.Release|Any CPU.ActiveCfg = Release|Any CPU
		{DB115A78-32EF-4213-9296-889BDBE61C67}.Release|Any CPU.Build.0 = Release|Any CPU
	EndGlobalSection
	GlobalSection(SolutionProperties) = preSolution
		HideSolutionNode = FALSE
	EndGlobalSection
	GlobalSection(ExtensibilityGlobals) = postSolution
		SolutionGuid = {8B8D2F7F-2764-4905-8234-16C415FF5432}
	EndGlobalSection
EndGlobal
